
Microsoft Visual Studio Solution File, Format Version 12.00
# Visual Studio Version 16
VisualStudioVersion = 16.0.30204.135
MinimumVisualStudioVersion = 10.0.40219.1
Project("{9A19103F-16F7-4668-BE54-9A1E7A4F7556}") = "ConsoleApp1", "ConsoleApp1\ConsoleApp1.csproj", "{9CFDB4B4-F880-45B3-BB71-0FB6814BA06A}"
EndProject
Project("{FAE04EC0-301F-11D3-BF4B-00C04F79EFBC}") = "Edabit.ConsoleApp", "Edabit.ConsoleApp\Edabit.ConsoleApp.csproj", "{A316E2A4-6E17-46C8-BE4E-227FBF71C6C6}"
EndProject
Project("{FAE04EC0-301F-11D3-BF4B-00C04F79EFBC}") = "Practice.FirstWebApp", "Practice.FirstWebApp\Practice.FirstWebApp.csproj", "{915257DA-D65B-48BF-BBEA-31BB1533C74A}"
EndProject
Project("{FAE04EC0-301F-11D3-BF4B-00C04F79EFBC}") = "MvcMovie", "MvcMovie\MvcMovie.csproj", "{5C95AB5A-A723-4A64-84FA-BDB294E3B5DB}"
EndProject
Global
	GlobalSection(SolutionConfigurationPlatforms) = preSolution
		Debug|Any CPU = Debug|Any CPU
		Release|Any CPU = Release|Any CPU
	EndGlobalSection
	GlobalSection(ProjectConfigurationPlatforms) = postSolution
		{9CFDB4B4-F880-45B3-BB71-0FB6814BA06A}.Debug|Any CPU.ActiveCfg = Debug|Any CPU
		{9CFDB4B4-F880-45B3-BB71-0FB6814BA06A}.Debug|Any CPU.Build.0 = Debug|Any CPU
		{9CFDB4B4-F880-45B3-BB71-0FB6814BA06A}.Release|Any CPU.ActiveCfg = Release|Any CPU
		{9CFDB4B4-F880-45B3-BB71-0FB6814BA06A}.Release|Any CPU.Build.0 = Release|Any CPU
		{A316E2A4-6E17-46C8-BE4E-227FBF71C6C6}.Debug|Any CPU.ActiveCfg = Debug|Any CPU
		{A316E2A4-6E17-46C8-BE4E-227FBF71C6C6}.Debug|Any CPU.Build.0 = Debug|Any CPU
		{A316E2A4-6E17-46C8-BE4E-227FBF71C6C6}.Release|Any CPU.ActiveCfg = Release|Any CPU
		{A316E2A4-6E17-46C8-BE4E-227FBF71C6C6}.Release|Any CPU.Build.0 = Release|Any CPU
		{915257DA-D65B-48BF-BBEA-31BB1533C74A}.Debug|Any CPU.ActiveCfg = Debug|Any CPU
		{915257DA-D65B-48BF-BBEA-31BB1533C74A}.Debug|Any CPU.Build.0 = Debug|Any CPU
		{915257DA-D65B-48BF-BBEA-31BB1533C74A}.Release|Any CPU.ActiveCfg = Release|Any CPU
		{915257DA-D65B-48BF-BBEA-31BB1533C74A}.Release|Any CPU.Build.0 = Release|Any CPU
		{5C95AB5A-A723-4A64-84FA-BDB294E3B5DB}.Debug|Any CPU.ActiveCfg = Debug|Any CPU
		{5C95AB5A-A723-4A64-84FA-BDB294E3B5DB}.Debug|Any CPU.Build.0 = Debug|Any CPU
		{5C95AB5A-A723-4A64-84FA-BDB294E3B5DB}.Release|Any CPU.ActiveCfg = Release|Any CPU
		{5C95AB5A-A723-4A64-84FA-BDB294E3B5DB}.Release|Any CPU.Build.0 = Release|Any CPU
	EndGlobalSection
	GlobalSection(SolutionProperties) = preSolution
		HideSolutionNode = FALSE
	EndGlobalSection
	GlobalSection(ExtensibilityGlobals) = postSolution
		SolutionGuid = {3BB41F69-8986-4403-8C5D-290DB6DE5978}
	EndGlobalSection
EndGlobal
